{
  "name": "user_interface",
  "version": "0.0.1",
  "dependencies": {
    "contentful-client": {
      "version": "1.1.5",
      "from": "contentful-client@git+ssh://git@github.com:thriventures/client.git#v1.1.5",
      "resolved": "git+ssh://git@github.com:thriventures/client.git#861199d1f1b2047dd0c7c1e08fc1baaf53a5fed9",
      "dependencies": {
        "lodash": {
          "version": "1.3.1",
          "from": "lodash@~1.3"
        }
      }
    },
    "worf": {
      "version": "1.0.2",
      "from": "worf@git+ssh://git@github.com:thriventures/worf.git#v1.0.2",
      "resolved": "git+ssh://git@github.com:thriventures/worf.git#5b4bd24e45d4bf4466562e80f55e7a2c75590926",
      "dependencies": {
        "lodash": {
          "version": "1.3.1",
          "from": "lodash@~1.3"
        },
        "spock": {
          "version": "0.3.0",
          "from": "spock@git+ssh://git@github.com:thriventures/spock.git#v0.3.0",
          "resolved": "git+ssh://git@github.com:thriventures/spock.git#24b859aa901b0afefa7366f81d98948219187855"
        }
      }
    },
    "validation": {
      "version": "1.3.2",
      "from": "validation@git+ssh://git@github.com:thriventures/validation#v1.3.2",
      "resolved": "git+ssh://git@github.com:thriventures/validation#36639aa806ac662dff0786d9fc449904f063f7ee",
      "dependencies": {
        "lodash": {
          "version": "1.3.1",
          "from": "lodash@~1.3"
        },
        "spock": {
          "version": "0.3.0",
          "from": "spock@git+ssh://git@github.com:thriventures/spock.git#v0.3.0",
          "resolved": "git+ssh://git@github.com:thriventures/spock.git#24b859aa901b0afefa7366f81d98948219187855"
        },
        "redefine": {
          "version": "0.2.0",
          "from": "redefine@~0.2.0",
          "dependencies": {
            "wru": {
              "version": "0.2.2",
              "from": "wru@>= 0.0.0"
            }
          }
        }
      }
    },
    "share": {
      "version": "0.5.2",
      "from": "share@git+ssh://git@github.com:thriventures/ShareJS.git",
      "resolved": "git+ssh://git@github.com:thriventures/ShareJS.git#12b00e8348df7e85a4e1791f15348bc230dfe549",
      "dependencies": {
        "sockjs": {
          "version": "0.3.7",
          "from": "sockjs@>= 0.3.1",
          "dependencies": {
            "node-uuid": {
              "version": "1.3.3",
              "from": "node-uuid@1.3.3"
            },
            "faye-websocket": {
              "version": "0.4.4",
              "from": "faye-websocket@0.4.4"
            }
          }
        },
        "socket.io": {
          "version": "0.8.7",
          "from": "socket.io@~0.8",
          "dependencies": {
            "policyfile": {
              "version": "0.0.4",
              "from": "policyfile@0.0.4"
            },
            "redis": {
              "version": "0.6.7",
              "from": "redis@0.6.7"
            }
          }
        },
        "socket.io-client": {
          "version": "0.8.7",
          "from": "socket.io-client@~0.8",
          "dependencies": {
            "uglify-js": {
              "version": "1.0.6",
              "from": "uglify-js@1.0.6"
            },
            "websocket-client": {
              "version": "1.0.0",
              "from": "websocket-client@1.0.0"
            },
            "xmlhttprequest": {
              "version": "1.2.2",
              "from": "xmlhttprequest@1.2.2"
            }
          }
        },
        "connect": {
          "version": "2.8.4",
          "from": "connect@<3.x",
          "dependencies": {
            "qs": {
              "version": "0.6.5",
              "from": "qs@~0.6.0"
            },
            "formidable": {
              "version": "1.0.14",
              "from": "formidable@1.0.14"
            },
            "cookie-signature": {
              "version": "1.0.1",
              "from": "cookie-signature@1.0.1"
            },
            "buffer-crc32": {
              "version": "0.2.1",
              "from": "buffer-crc32@0.2.1"
            },
            "cookie": {
              "version": "0.1.0",
              "from": "cookie@0.1.0"
            },
            "send": {
              "version": "0.1.3",
              "from": "send@0.1.3",
              "dependencies": {
                "mime": {
                  "version": "1.2.9",
                  "from": "mime@~1.2.9"
                },
                "range-parser": {
                  "version": "0.0.4",
                  "from": "range-parser@0.0.4"
                }
              }
            },
            "bytes": {
              "version": "0.2.0",
              "from": "bytes@0.2.0"
            },
            "fresh": {
              "version": "0.1.0",
              "from": "fresh@0.1.0"
            },
            "pause": {
              "version": "0.0.1",
              "from": "pause@0.0.1"
            },
            "uid2": {
              "version": "0.0.2",
              "from": "uid2@0.0.2"
            },
            "debug": {
              "version": "0.7.2",
              "from": "debug@*"
            },
            "methods": {
              "version": "0.0.1",
              "from": "methods@0.0.1"
            }
          }
        },
        "optimist": {
          "version": "0.6.0",
          "from": "optimist@>= 0.2.4",
          "dependencies": {
            "wordwrap": {
              "version": "0.0.2",
              "from": "wordwrap@~0.0.2"
            },
            "minimist": {
              "version": "0.0.1",
              "from": "minimist@~0.0.1"
            }
          }
        },
        "uglify-js": {
          "version": "1.3.5",
          "from": "uglify-js@~1"
        },
        "request": {
          "version": "2.25.0",
          "from": "request@>= 2.1.1",
          "dependencies": {
            "qs": {
              "version": "0.6.5",
              "from": "qs@~0.6.0"
            },
            "json-stringify-safe": {
              "version": "5.0.0",
              "from": "json-stringify-safe@~5.0.0"
            },
            "forever-agent": {
              "version": "0.5.0",
              "from": "forever-agent@~0.5.0"
            },
            "tunnel-agent": {
              "version": "0.3.0",
              "from": "tunnel-agent@~0.3.0"
            },
            "http-signature": {
              "version": "0.10.0",
              "from": "http-signature@~0.10.0",
              "dependencies": {
                "assert-plus": {
                  "version": "0.1.2",
                  "from": "assert-plus@0.1.2"
                },
                "asn1": {
                  "version": "0.1.11",
                  "from": "asn1@0.1.11"
                },
                "ctype": {
                  "version": "0.5.2",
                  "from": "ctype@0.5.2"
                }
              }
            },
            "hawk": {
              "version": "1.0.0",
              "from": "hawk@~1.0.0",
              "dependencies": {
                "hoek": {
                  "version": "0.9.1",
                  "from": "hoek@0.9.x"
                },
                "boom": {
                  "version": "0.4.2",
                  "from": "boom@0.4.x"
                },
                "cryptiles": {
                  "version": "0.2.2",
                  "from": "cryptiles@0.2.x"
                },
                "sntp": {
                  "version": "0.2.4",
                  "from": "sntp@0.2.x"
                }
              }
            },
            "aws-sign": {
              "version": "0.3.0",
              "from": "aws-sign@~0.3.0"
            },
            "oauth-sign": {
              "version": "0.3.0",
              "from": "oauth-sign@~0.3.0"
            },
            "cookie-jar": {
              "version": "0.3.0",
              "from": "cookie-jar@~0.3.0"
            },
            "node-uuid": {
              "version": "1.4.0",
              "from": "node-uuid@~1.4.0"
            },
            "mime": {
              "version": "1.2.9",
              "from": "mime@~1.2.9"
            },
            "form-data": {
              "version": "0.1.0",
              "from": "form-data@~0.1.0",
              "dependencies": {
                "combined-stream": {
                  "version": "0.0.4",
                  "from": "combined-stream@~0.0.4",
                  "dependencies": {
                    "delayed-stream": {
                      "version": "0.0.5",
                      "from": "delayed-stream@0.0.5"
                    }
                  }
                },
                "async": {
                  "version": "0.2.9",
                  "from": "async@~0.2.9"
                }
              }
            }
          }
        },
        "coffee-script": {
          "version": "1.6.3",
          "from": "coffee-script@*"
        },
        "browserchannel": {
          "version": "1.0.4",
          "from": "browserchannel@~1"
        },
        "redis": {
          "version": "0.8.4",
          "from": "redis@~0.8.2"
        },
        "agentkeepalive": {
          "version": "0.1.5",
          "from": "agentkeepalive@0.1.5"
        },
        "hat": {
          "version": "0.0.3",
          "from": "hat@*"
        },
        "through": {
          "version": "2.1.0",
          "from": "through@~2.1.0"
        },
        "lodash": {
          "version": "1.3.1",
          "from": "lodash@~1.3"
        },
        "ws": {
          "version": "0.4.27",
          "from": "ws@*",
          "dependencies": {
            "commander": {
              "version": "0.6.1",
              "from": "commander@~0.6.1"
            },
            "tinycolor": {
              "version": "0.0.1",
              "from": "tinycolor@0.x"
            },
            "options": {
              "version": "0.0.5",
              "from": "options@>=0.0.5"
            }
          }
        },
        "daemon": {
          "version": "0.4.0",
          "from": "daemon@git+ssh://git@github.com:thriventures/daemon.git#v0.4.0",
          "resolved": "git+ssh://git@github.com:thriventures/daemon.git#b18cfbb6819215a6d5e1d40655b023ecfed741cc",
          "dependencies": {
            "yasyslog": {
              "version": "0.0.2",
              "from": "yasyslog@0.0.2"
            },
            "moment": {
              "version": "2.0.0",
              "from": "moment@~2.0.0"
            },
            "raven": {
              "version": "0.5.1",
              "from": "raven@~0.5.1",
              "dependencies": {
                "node-uuid": {
                  "version": "1.4.0",
                  "from": "node-uuid@~1.4.0"
                },
                "raw-stacktrace": {
                  "version": "0.0.2",
                  "from": "raw-stacktrace@0.0.2",
                  "dependencies": {
                    "traceback": {
                      "version": "0.3.0",
                      "from": "traceback@>=0.3.0 && < 0.4"
                    },
                    "underscore": {
                      "version": "1.5.1",
                      "from": "underscore@*"
                    }
                  }
                }
              }
            },
            "statsd-client": {
              "version": "0.0.12",
              "from": "statsd-client@0.0.12"
            },
            "analytics-node": {
              "version": "0.5.0",
              "from": "analytics-node@~0.5.0",
              "dependencies": {
                "underscore": {
                  "version": "1.4.3",
                  "from": "underscore@1.4.3"
                },
                "request": {
                  "version": "2.12.0",
                  "from": "request@2.12.0",
                  "dependencies": {
                    "form-data": {
                      "version": "0.0.3",
                      "from": "form-data",
                      "dependencies": {
                        "combined-stream": {
                          "version": "0.0.3",
                          "from": "combined-stream@0.0.3",
                          "dependencies": {
                            "delayed-stream": {
                              "version": "0.0.5",
                              "from": "delayed-stream@0.0.5"
                            }
                          }
                        },
                        "async": {
                          "version": "0.1.9",
                          "from": "async@0.1.9"
                        }
                      }
                    },
                    "mime": {
                      "version": "1.2.7",
                      "from": "mime"
                    }
                  }
                }
              }
            },
            "json-stringify-safe": {
              "version": "5.0.0",
              "from": "json-stringify-safe@~5.0.0"
            }
          }
        },
        "contentful-client": {
          "version": "1.1.1",
          "from": "contentful-client@git+ssh://git@github.com:thriventures/client.git#v1.1.1",
          "resolved": "git+ssh://git@github.com:thriventures/client.git#1af27ad61346ad9f7554aa92edcc97371c5b73a7"
        }
      }
    }
  }
}
